
Microsoft Visual Studio Solution File, Format Version 12.00
# Visual Studio Version 16
VisualStudioVersion = 16.0.31729.503
MinimumVisualStudioVersion = 10.0.40219.1
Project("{FAE04EC0-301F-11D3-BF4B-00C04F79EFBC}") = "Business", "Business\Business.csproj", "{FF021B21-495B-47BB-928B-9E7413176EA1}"
EndProject
Project("{FAE04EC0-301F-11D3-BF4B-00C04F79EFBC}") = "DataAccess", "DataAccess\DataAccess.csproj", "{DAF5A16B-A453-42B2-9068-06DBEFE3D056}"
EndProject
Project("{FAE04EC0-301F-11D3-BF4B-00C04F79EFBC}") = "Entities", "Entities\Entities.csproj", "{51B2AED2-29FA-4227-8147-BA3219B4A3A7}"
EndProject
Project("{FAE04EC0-301F-11D3-BF4B-00C04F79EFBC}") = "ConsoleUI", "ConsoleUI\ConsoleUI.csproj", "{C26B08EB-8C2F-4029-9DDC-C8DFB03A3BCF}"
EndProject
Global
	GlobalSection(SolutionConfigurationPlatforms) = preSolution
		Debug|Any CPU = Debug|Any CPU
		Release|Any CPU = Release|Any CPU
	EndGlobalSection
	GlobalSection(ProjectConfigurationPlatforms) = postSolution
		{FF021B21-495B-47BB-928B-9E7413176EA1}.Debug|Any CPU.ActiveCfg = Debug|Any CPU
		{FF021B21-495B-47BB-928B-9E7413176EA1}.Debug|Any CPU.Build.0 = Debug|Any CPU
		{FF021B21-495B-47BB-928B-9E7413176EA1}.Release|Any CPU.ActiveCfg = Release|Any CPU
		{FF021B21-495B-47BB-928B-9E7413176EA1}.Release|Any CPU.Build.0 = Release|Any CPU
		{DAF5A16B-A453-42B2-9068-06DBEFE3D056}.Debug|Any CPU.ActiveCfg = Debug|Any CPU
		{DAF5A16B-A453-42B2-9068-06DBEFE3D056}.Debug|Any CPU.Build.0 = Debug|Any CPU
		{DAF5A16B-A453-42B2-9068-06DBEFE3D056}.Release|Any CPU.ActiveCfg = Release|Any CPU
		{DAF5A16B-A453-42B2-9068-06DBEFE3D056}.Release|Any CPU.Build.0 = Release|Any CPU
		{51B2AED2-29FA-4227-8147-BA3219B4A3A7}.Debug|Any CPU.ActiveCfg = Debug|Any CPU
		{51B2AED2-29FA-4227-8147-BA3219B4A3A7}.Debug|Any CPU.Build.0 = Debug|Any CPU
		{51B2AED2-29FA-4227-8147-BA3219B4A3A7}.Release|Any CPU.ActiveCfg = Release|Any CPU
		{51B2AED2-29FA-4227-8147-BA3219B4A3A7}.Release|Any CPU.Build.0 = Release|Any CPU
		{C26B08EB-8C2F-4029-9DDC-C8DFB03A3BCF}.Debug|Any CPU.ActiveCfg = Debug|Any CPU
		{C26B08EB-8C2F-4029-9DDC-C8DFB03A3BCF}.Debug|Any CPU.Build.0 = Debug|Any CPU
		{C26B08EB-8C2F-4029-9DDC-C8DFB03A3BCF}.Release|Any CPU.ActiveCfg = Release|Any CPU
		{C26B08EB-8C2F-4029-9DDC-C8DFB03A3BCF}.Release|Any CPU.Build.0 = Release|Any CPU
	EndGlobalSection
	GlobalSection(SolutionProperties) = preSolution
		HideSolutionNode = FALSE
	EndGlobalSection
	GlobalSection(ExtensibilityGlobals) = postSolution
		SolutionGuid = {19CA162E-A979-499E-A994-D81427D42A09}
	EndGlobalSection
EndGlobal
